PODS:
  - Alamofire (4.8.1)
  - ObjectMapper (3.4.2)
  - PureLayout (3.1.4)
  - SwiftyJSON (4.2.0)
  - UIScrollView-InfiniteScroll (1.1.0)

DEPENDENCIES:
  - Alamofire
  - ObjectMapper
  - PureLayout
  - SwiftyJSON
  - UIScrollView-InfiniteScroll

SPEC REPOS:
  https://github.com/cocoapods/specs.git:
    - Alamofire
    - ObjectMapper
    - PureLayout
    - SwiftyJSON
    - UIScrollView-InfiniteScroll

SPEC CHECKSUMS:
  Alamofire: 16ce2c353fb72865124ddae8a57c5942388f4f11
  ObjectMapper: 0d4402610f4e468903ae64629eec4784531e5c51
  PureLayout: f08c01b8dec00bb14a1fefa3de4c7d9c265df85e
  SwiftyJSON: c4bcba26dd9ec7a027fc8eade48e2c911f229e96
  UIScrollView-InfiniteScroll: 3ef456bcbe759c19f510a383cff96e6647c98c98

PODFILE CHECKSUM: 038c2a91e9d0d74d7096e070ed1cb00460cead32

COCOAPODS: 1.6.0.beta.2
